# This file was autogenerated by Stack.
# You should not edit this file by hand.
# For more information, please see the documentation at:
#   https://docs.haskellstack.org/en/stable/lock_files

packages: []
snapshots:
- completed:
    size: 526707
    url: https://raw.githubusercontent.com/commercialhaskell/stackage-snapshots/master/nightly/2020/8/31.yaml
    sha256: b9ae0c8a194ec2da07996db14bdf64d968fbc37292c105f56c529e6414ee0c96
  original: nightly-2020-08-31
